
Microsoft Visual Studio Solution File, Format Version 12.00
# Visual Studio Version 17
VisualStudioVersion = 17.6.33801.468
MinimumVisualStudioVersion = 10.0.40219.1
Project("{9A19103F-16F7-4668-BE54-9A1E7A4F7556}") = "ProgettoIndustriale.Business", "ProgettoIndustriale.Business\ProgettoIndustriale.Business.csproj", "{813F4644-17C0-4A8D-AB43-6044AA7F07EC}"
EndProject
Project("{9A19103F-16F7-4668-BE54-9A1E7A4F7556}") = "ProgettoIndustriale.Data", "ProgettoIndustriale.Data\ProgettoIndustriale.Data.csproj", "{9F4E5A44-6D3D-436B-A676-2BE169E5CBD8}"
EndProject
Project("{9A19103F-16F7-4668-BE54-9A1E7A4F7556}") = "ProgettoIndustriale.Type", "ProgettoIndustriale.Type\ProgettoIndustriale.Type.csproj", "{11002927-06A3-41AC-9009-2FA20FA4C023}"
EndProject
Project("{9A19103F-16F7-4668-BE54-9A1E7A4F7556}") = "ProgettoIndustriale.Business.Imp", "ProgettoIndustriale.Business.Imp\ProgettoIndustriale.Business.Imp.csproj", "{74FA2E6D-4FA2-4E05-918B-5727B3D088B9}"
EndProject
Project("{9A19103F-16F7-4668-BE54-9A1E7A4F7556}") = "ProgettoIndustriale.Service.Api", "ProgettoIndustriale.Service.Api\ProgettoIndustriale.Service.Api.csproj", "{E25C02C0-1E48-4B28-A8D1-6125EA9F7BD9}"
EndProject
Project("{9A19103F-16F7-4668-BE54-9A1E7A4F7556}") = "ProgettoIndustriale.Web", "ProgettoIndustriale.Web\ProgettoIndustriale.Web.csproj", "{57E981A6-3D6A-479B-B60A-6DB8D1F9978B}"
EndProject
Project("{9A19103F-16F7-4668-BE54-9A1E7A4F7556}") = "ProgettoIndustriale.TestDB", "ProgettoIndustriale.TestDB\ProgettoIndustriale.TestDB.csproj", "{783AA359-237F-4B47-AD74-369B3824DF4F}"
EndProject
Project("{9A19103F-16F7-4668-BE54-9A1E7A4F7556}") = "ProgettoIndustriale.TestDACQApi", "ProgettoIndustriale.TestDACQApi\ProgettoIndustriale.TestDACQApi.csproj", "{FCA22CCF-6E2C-48AD-B610-4819F3FCFC16}"
EndProject
Project("{2150E333-8FDC-42A3-9474-1A3956D46DE8}") = "Elementi di soluzione", "Elementi di soluzione", "{F8268044-D944-49C1-B6FA-45529E71B844}"
EndProject
Project("{9A19103F-16F7-4668-BE54-9A1E7A4F7556}") = "ProgettoIndustriale.Scheduler", "TestManagerCSV\ProgettoIndustriale.Scheduler.csproj", "{411D4072-55AD-4641-9EF9-14995F631A66}"
	ProjectSection(ProjectDependencies) = postProject
		{FCA22CCF-6E2C-48AD-B610-4819F3FCFC16} = {FCA22CCF-6E2C-48AD-B610-4819F3FCFC16}
	EndProjectSection
EndProject
Project("{9A19103F-16F7-4668-BE54-9A1E7A4F7556}") = "HelperDACQ", "HelperDACQ\HelperDACQ.csproj", "{C451F051-5074-4A28-8956-E2897A717112}"
EndProject
Global
	GlobalSection(SolutionConfigurationPlatforms) = preSolution
		Debug|Any CPU = Debug|Any CPU
		Release|Any CPU = Release|Any CPU
	EndGlobalSection
	GlobalSection(ProjectConfigurationPlatforms) = postSolution
		{813F4644-17C0-4A8D-AB43-6044AA7F07EC}.Debug|Any CPU.ActiveCfg = Debug|Any CPU
		{813F4644-17C0-4A8D-AB43-6044AA7F07EC}.Debug|Any CPU.Build.0 = Debug|Any CPU
		{813F4644-17C0-4A8D-AB43-6044AA7F07EC}.Release|Any CPU.ActiveCfg = Release|Any CPU
		{813F4644-17C0-4A8D-AB43-6044AA7F07EC}.Release|Any CPU.Build.0 = Release|Any CPU
		{9F4E5A44-6D3D-436B-A676-2BE169E5CBD8}.Debug|Any CPU.ActiveCfg = Debug|Any CPU
		{9F4E5A44-6D3D-436B-A676-2BE169E5CBD8}.Debug|Any CPU.Build.0 = Debug|Any CPU
		{9F4E5A44-6D3D-436B-A676-2BE169E5CBD8}.Release|Any CPU.ActiveCfg = Release|Any CPU
		{9F4E5A44-6D3D-436B-A676-2BE169E5CBD8}.Release|Any CPU.Build.0 = Release|Any CPU
		{11002927-06A3-41AC-9009-2FA20FA4C023}.Debug|Any CPU.ActiveCfg = Debug|Any CPU
		{11002927-06A3-41AC-9009-2FA20FA4C023}.Debug|Any CPU.Build.0 = Debug|Any CPU
		{11002927-06A3-41AC-9009-2FA20FA4C023}.Release|Any CPU.ActiveCfg = Release|Any CPU
		{11002927-06A3-41AC-9009-2FA20FA4C023}.Release|Any CPU.Build.0 = Release|Any CPU
		{74FA2E6D-4FA2-4E05-918B-5727B3D088B9}.Debug|Any CPU.ActiveCfg = Debug|Any CPU
		{74FA2E6D-4FA2-4E05-918B-5727B3D088B9}.Debug|Any CPU.Build.0 = Debug|Any CPU
		{74FA2E6D-4FA2-4E05-918B-5727B3D088B9}.Release|Any CPU.ActiveCfg = Release|Any CPU
		{74FA2E6D-4FA2-4E05-918B-5727B3D088B9}.Release|Any CPU.Build.0 = Release|Any CPU
		{E25C02C0-1E48-4B28-A8D1-6125EA9F7BD9}.Debug|Any CPU.ActiveCfg = Debug|Any CPU
		{E25C02C0-1E48-4B28-A8D1-6125EA9F7BD9}.Debug|Any CPU.Build.0 = Debug|Any CPU
		{E25C02C0-1E48-4B28-A8D1-6125EA9F7BD9}.Release|Any CPU.ActiveCfg = Release|Any CPU
		{E25C02C0-1E48-4B28-A8D1-6125EA9F7BD9}.Release|Any CPU.Build.0 = Release|Any CPU
		{57E981A6-3D6A-479B-B60A-6DB8D1F9978B}.Debug|Any CPU.ActiveCfg = Debug|Any CPU
		{57E981A6-3D6A-479B-B60A-6DB8D1F9978B}.Debug|Any CPU.Build.0 = Debug|Any CPU
		{57E981A6-3D6A-479B-B60A-6DB8D1F9978B}.Release|Any CPU.ActiveCfg = Release|Any CPU
		{57E981A6-3D6A-479B-B60A-6DB8D1F9978B}.Release|Any CPU.Build.0 = Release|Any CPU
		{783AA359-237F-4B47-AD74-369B3824DF4F}.Debug|Any CPU.ActiveCfg = Debug|Any CPU
		{783AA359-237F-4B47-AD74-369B3824DF4F}.Debug|Any CPU.Build.0 = Debug|Any CPU
		{783AA359-237F-4B47-AD74-369B3824DF4F}.Release|Any CPU.ActiveCfg = Release|Any CPU
		{783AA359-237F-4B47-AD74-369B3824DF4F}.Release|Any CPU.Build.0 = Release|Any CPU
		{FCA22CCF-6E2C-48AD-B610-4819F3FCFC16}.Debug|Any CPU.ActiveCfg = Debug|Any CPU
		{FCA22CCF-6E2C-48AD-B610-4819F3FCFC16}.Debug|Any CPU.Build.0 = Debug|Any CPU
		{FCA22CCF-6E2C-48AD-B610-4819F3FCFC16}.Release|Any CPU.ActiveCfg = Release|Any CPU
		{FCA22CCF-6E2C-48AD-B610-4819F3FCFC16}.Release|Any CPU.Build.0 = Release|Any CPU
		{411D4072-55AD-4641-9EF9-14995F631A66}.Debug|Any CPU.ActiveCfg = Debug|Any CPU
		{411D4072-55AD-4641-9EF9-14995F631A66}.Debug|Any CPU.Build.0 = Debug|Any CPU
		{411D4072-55AD-4641-9EF9-14995F631A66}.Release|Any CPU.ActiveCfg = Release|Any CPU
		{411D4072-55AD-4641-9EF9-14995F631A66}.Release|Any CPU.Build.0 = Release|Any CPU
		{C451F051-5074-4A28-8956-E2897A717112}.Debug|Any CPU.ActiveCfg = Debug|Any CPU
		{C451F051-5074-4A28-8956-E2897A717112}.Debug|Any CPU.Build.0 = Debug|Any CPU
		{C451F051-5074-4A28-8956-E2897A717112}.Release|Any CPU.ActiveCfg = Release|Any CPU
		{C451F051-5074-4A28-8956-E2897A717112}.Release|Any CPU.Build.0 = Release|Any CPU
	EndGlobalSection
	GlobalSection(SolutionProperties) = preSolution
		HideSolutionNode = FALSE
	EndGlobalSection
	GlobalSection(ExtensibilityGlobals) = postSolution
		SolutionGuid = {D55B8517-4B5A-4227-8F19-9CBB77E75E31}
	EndGlobalSection
EndGlobal
