
Microsoft Visual Studio Solution File, Format Version 12.00
Project("{FAE04EC0-301F-11D3-BF4B-00C04F79EFBC}") = "ProgettoIndustriale.Business", "ProgettoIndustriale.Business\ProgettoIndustriale.Business.csproj", "{813F4644-17C0-4A8D-AB43-6044AA7F07EC}"
EndProject
Project("{FAE04EC0-301F-11D3-BF4B-00C04F79EFBC}") = "ProgettoIndustriale.Data", "ProgettoIndustriale.Data\ProgettoIndustriale.Data.csproj", "{9F4E5A44-6D3D-436B-A676-2BE169E5CBD8}"
EndProject
Project("{FAE04EC0-301F-11D3-BF4B-00C04F79EFBC}") = "ProgettoIndustriale.Type", "ProgettoIndustriale.Type\ProgettoIndustriale.Type.csproj", "{11002927-06A3-41AC-9009-2FA20FA4C023}"
EndProject
Project("{FAE04EC0-301F-11D3-BF4B-00C04F79EFBC}") = "ProgettoIndustriale.Business.Imp", "ProgettoIndustriale.Business.Imp\ProgettoIndustriale.Business.Imp.csproj", "{74FA2E6D-4FA2-4E05-918B-5727B3D088B9}"
EndProject
Project("{FAE04EC0-301F-11D3-BF4B-00C04F79EFBC}") = "ProgettoIndustriale.Service.Api", "ProgettoIndustriale.Service.Api\ProgettoIndustriale.Service.Api.csproj", "{E25C02C0-1E48-4B28-A8D1-6125EA9F7BD9}"
EndProject
Project("{FAE04EC0-301F-11D3-BF4B-00C04F79EFBC}") = "ProgettoIndustriale.Web", "ProgettoIndustriale.Web\ProgettoIndustriale.Web.csproj", "{57E981A6-3D6A-479B-B60A-6DB8D1F9978B}"
EndProject
Global
	GlobalSection(SolutionConfigurationPlatforms) = preSolution
		Debug|Any CPU = Debug|Any CPU
		Release|Any CPU = Release|Any CPU
	EndGlobalSection
	GlobalSection(ProjectConfigurationPlatforms) = postSolution
		{813F4644-17C0-4A8D-AB43-6044AA7F07EC}.Debug|Any CPU.ActiveCfg = Debug|Any CPU
		{813F4644-17C0-4A8D-AB43-6044AA7F07EC}.Debug|Any CPU.Build.0 = Debug|Any CPU
		{813F4644-17C0-4A8D-AB43-6044AA7F07EC}.Release|Any CPU.ActiveCfg = Release|Any CPU
		{813F4644-17C0-4A8D-AB43-6044AA7F07EC}.Release|Any CPU.Build.0 = Release|Any CPU
		{9F4E5A44-6D3D-436B-A676-2BE169E5CBD8}.Debug|Any CPU.ActiveCfg = Debug|Any CPU
		{9F4E5A44-6D3D-436B-A676-2BE169E5CBD8}.Debug|Any CPU.Build.0 = Debug|Any CPU
		{9F4E5A44-6D3D-436B-A676-2BE169E5CBD8}.Release|Any CPU.ActiveCfg = Release|Any CPU
		{9F4E5A44-6D3D-436B-A676-2BE169E5CBD8}.Release|Any CPU.Build.0 = Release|Any CPU
		{11002927-06A3-41AC-9009-2FA20FA4C023}.Debug|Any CPU.ActiveCfg = Debug|Any CPU
		{11002927-06A3-41AC-9009-2FA20FA4C023}.Debug|Any CPU.Build.0 = Debug|Any CPU
		{11002927-06A3-41AC-9009-2FA20FA4C023}.Release|Any CPU.ActiveCfg = Release|Any CPU
		{11002927-06A3-41AC-9009-2FA20FA4C023}.Release|Any CPU.Build.0 = Release|Any CPU
		{74FA2E6D-4FA2-4E05-918B-5727B3D088B9}.Debug|Any CPU.ActiveCfg = Debug|Any CPU
		{74FA2E6D-4FA2-4E05-918B-5727B3D088B9}.Debug|Any CPU.Build.0 = Debug|Any CPU
		{74FA2E6D-4FA2-4E05-918B-5727B3D088B9}.Release|Any CPU.ActiveCfg = Release|Any CPU
		{74FA2E6D-4FA2-4E05-918B-5727B3D088B9}.Release|Any CPU.Build.0 = Release|Any CPU
		{E25C02C0-1E48-4B28-A8D1-6125EA9F7BD9}.Debug|Any CPU.ActiveCfg = Debug|Any CPU
		{E25C02C0-1E48-4B28-A8D1-6125EA9F7BD9}.Debug|Any CPU.Build.0 = Debug|Any CPU
		{E25C02C0-1E48-4B28-A8D1-6125EA9F7BD9}.Release|Any CPU.ActiveCfg = Release|Any CPU
		{E25C02C0-1E48-4B28-A8D1-6125EA9F7BD9}.Release|Any CPU.Build.0 = Release|Any CPU
		{57E981A6-3D6A-479B-B60A-6DB8D1F9978B}.Debug|Any CPU.ActiveCfg = Debug|Any CPU
		{57E981A6-3D6A-479B-B60A-6DB8D1F9978B}.Debug|Any CPU.Build.0 = Debug|Any CPU
		{57E981A6-3D6A-479B-B60A-6DB8D1F9978B}.Release|Any CPU.ActiveCfg = Release|Any CPU
		{57E981A6-3D6A-479B-B60A-6DB8D1F9978B}.Release|Any CPU.Build.0 = Release|Any CPU
	EndGlobalSection
EndGlobal
